{
  "version": "5",
  "specifiers": {
    "jsr:@cliffy/command@1.2.1": "1.2.1",
    "jsr:@cliffy/flags@1.2.1": "1.2.1",
    "jsr:@cliffy/internal@1.2.1": "1.2.1",
    "jsr:@cliffy/table@1.2.1": "1.2.1",
    "jsr:@david/console-static-text@~0.3.4": "0.3.4",
    "jsr:@david/dax@~0.48.3": "0.48.3",
    "jsr:@david/path@0.3": "0.3.2",
    "jsr:@david/path@~0.3.2": "0.3.2",
    "jsr:@david/shell@~0.5.2": "0.5.2",
    "jsr:@david/which@0.7": "0.7.0",
    "jsr:@std/bytes@^1.0.6": "1.0.6",
    "jsr:@std/cli@1": "1.0.30",
    "jsr:@std/fmt@1": "1.0.10",
    "jsr:@std/fmt@^1.0.10": "1.0.10",
    "jsr:@std/fs@*": "1.0.24",
    "jsr:@std/fs@^1.0.24": "1.0.24",
    "jsr:@std/internal@^1.0.14": "1.0.14",
    "jsr:@std/io@0.225": "0.225.3",
    "jsr:@std/io@~0.225.2": "0.225.3",
    "jsr:@std/path@1": "1.1.5",
    "jsr:@std/path@^1.0.8": "1.1.5",
    "jsr:@std/path@^1.1.5": "1.1.5",
    "jsr:@std/text@^1.0.19": "1.0.19",
    "npm:remeda@^2.18.0": "2.33.7"
  },
  "jsr": {
    "@cliffy/command@1.2.1": {
      "integrity": "b7b017c81560d96580ea810c8564566884d8194416f6fc06bfdc8846e8fd590f",
      "dependencies": [
        "jsr:@cliffy/flags",
        "jsr:@cliffy/internal",
        "jsr:@cliffy/table",
        "jsr:@std/fmt@^1.0.10",
        "jsr:@std/text"
      ]
    },
    "@cliffy/flags@1.2.1": {
      "integrity": "10034920ef7595db586fecec5a3b10a4ec800c513cbbc368414cd748dac706fb",
      "dependencies": [
        "jsr:@cliffy/internal",
        "jsr:@std/text"
      ]
    },
    "@cliffy/internal@1.2.1": {
      "integrity": "e398f41c6839d3d4d249c963bfcb1058013091425926d53a3cb482b1ca70684b"
    },
    "@cliffy/table@1.2.1": {
      "integrity": "be333e62f2c754f8bf75a38c8177515b152040572c9f75298e9bcef1314b82ff",
      "dependencies": [
        "jsr:@std/fmt@^1.0.10"
      ]
    },
    "@david/console-static-text@0.3.4": {
      "integrity": "1c596f500b075ff3c8bab1d328ca7148a88067fd9a506b16a73eeaf230c229fd"
    },
    "@david/dax@0.48.3": {
      "integrity": "478cfa76677bfdef08f9eacc942a0bea35b3dc82239984a3a327fc09a1c4b5b7",
      "dependencies": [
        "jsr:@david/console-static-text",
        "jsr:@david/path@~0.3.2",
        "jsr:@david/shell",
        "jsr:@david/which",
        "jsr:@std/fmt@1"
      ]
    },
    "@david/path@0.3.2": {
      "integrity": "f25aaa3de4d3b9edfe25ca5edf15e3014fee7df4f77d64327e5300c27c1a0497"
    },
    "@david/shell@0.5.2": {
      "integrity": "e6a1b9d3712373f2811d5c66a502afdd07c99d0aedbd910b0c2ea1744fe1dd88",
      "dependencies": [
        "jsr:@david/console-static-text",
        "jsr:@david/path@0.3",
        "jsr:@david/which",
        "jsr:@std/fmt@1",
        "jsr:@std/io@0.225",
        "jsr:@std/path@1"
      ]
    },
    "@david/which@0.7.0": {
      "integrity": "2e7517b28ecd2c99afe70284f2660f2c11548e5b684fa751889f105e0e4f8fe5"
    },
    "@std/bytes@1.0.6": {
      "integrity": "f6ac6adbd8ccd99314045f5703e23af0a68d7f7e58364b47d2c7f408aeb5820a"
    },
    "@std/cli@1.0.30": {
      "integrity": "769446536522d0417d7127ebcabcafac1ab0ce6766d0eb3fca1d36326fe98d13"
    },
    "@std/fmt@1.0.10": {
      "integrity": "90dfba288802ac6de82fb31d0917eb9e4450b9925b954d5e51fc29ac07419db5"
    },
    "@std/fs@1.0.24": {
      "integrity": "f3061b45b81673a2bece689da041df32d174be064c89eb6397fb5718d3fb7877",
      "dependencies": [
        "jsr:@std/internal",
        "jsr:@std/path@^1.1.5"
      ]
    },
    "@std/internal@1.0.14": {
      "integrity": "291516b3d4c35024d6ffbc0a9df5bf4c64116e05b50012cf846710152d2ffdf7"
    },
    "@std/io@0.225.3": {
      "integrity": "27b07b591384d12d7b568f39e61dff966b8230559122df1e9fd11cc068f7ddd1",
      "dependencies": [
        "jsr:@std/bytes"
      ]
    },
    "@std/path@1.1.5": {
      "integrity": "ccea00982ea28c36becaf6e62f855406c76a8c32d462f66f415bbb7d83a271bc",
      "dependencies": [
        "jsr:@std/internal"
      ]
    },
    "@std/text@1.0.19": {
      "integrity": "003a0e032d360e8c3a4e0410fb792c77a66bd6553fee9d60c6ec1bce30d29223"
    }
  },
  "npm": {
    "remeda@2.33.7": {
      "integrity": "sha512-cXlyjevWx5AcslOUEETG4o8XYi9UkoCXcJmj7XhPFVbla+ITuOBxv6ijBrmbeg+ZhzmDThkNdO+iXKUfrJep1w=="
    }
  },
  "workspace": {
    "dependencies": [
      "jsr:@cliffy/command@1.2.1",
      "jsr:@cliffy/table@1.2.1",
      "jsr:@david/dax@~0.48.3",
      "jsr:@std/cli@1",
      "jsr:@std/fs@^1.0.24",
      "jsr:@std/io@~0.225.2",
      "jsr:@std/path@^1.0.8",
      "npm:remeda@^2.18.0"
    ]
  }
}
