{
  "version": "5",
  "specifiers": {
    "jsr:@cliffy/ansi@1.2.1": "1.2.1",
    "jsr:@cliffy/command@1.2.1": "1.2.1",
    "jsr:@cliffy/flags@1.2.1": "1.2.1",
    "jsr:@cliffy/internal@1.2.1": "1.2.1",
    "jsr:@cliffy/keycode@1.2.1": "1.2.1",
    "jsr:@cliffy/prompt@1.2.1": "1.2.1",
    "jsr:@cliffy/table@1.2.1": "1.2.1",
    "jsr:@david/console-static-text@~0.3.4": "0.3.4",
    "jsr:@david/dax@~0.48.3": "0.48.3",
    "jsr:@david/path@0.3": "0.3.2",
    "jsr:@david/path@~0.3.2": "0.3.2",
    "jsr:@david/shell@~0.5.2": "0.5.2",
    "jsr:@david/which@0.7": "0.7.0",
    "jsr:@std/assert@^1.0.19": "1.0.19",
    "jsr:@std/bytes@^1.0.6": "1.0.6",
    "jsr:@std/cli@1": "1.0.30",
    "jsr:@std/encoding@^1.0.10": "1.0.11",
    "jsr:@std/fmt@1": "1.0.10",
    "jsr:@std/fmt@^1.0.10": "1.0.10",
    "jsr:@std/fs@*": "1.0.24",
    "jsr:@std/fs@^1.0.24": "1.0.24",
    "jsr:@std/internal@^1.0.14": "1.0.14",
    "jsr:@std/io@0.225": "0.225.3",
    "jsr:@std/io@~0.225.2": "0.225.3",
    "jsr:@std/io@~0.225.3": "0.225.3",
    "jsr:@std/path@1": "1.1.5",
    "jsr:@std/path@^1.0.8": "1.1.5",
    "jsr:@std/path@^1.1.5": "1.1.6",
    "jsr:@std/text@^1.0.19": "1.0.19",
    "npm:@codemirror/lang-markdown@^6.5.2": "6.5.2",
    "npm:@codemirror/language-data@^6.5.2": "6.5.2",
    "npm:@codemirror/language@^6.12.4": "6.12.4",
    "npm:@codemirror/state@^6.7.1": "6.7.1",
    "npm:@codemirror/theme-one-dark@^6.1.3": "6.1.3",
    "npm:@codemirror/view@^6.43.9": "6.43.9",
    "npm:@lezer/highlight@^1.2.3": "1.2.3",
    "npm:@replit/codemirror-vim@^6.4.0": "6.4.0_@codemirror+commands@6.11.0_@codemirror+language@6.12.4_@codemirror+search@6.7.1_@codemirror+state@6.7.1_@codemirror+view@6.43.9",
    "npm:codemirror-helix@~0.5.7": "0.5.7_@codemirror+commands@6.11.0_@codemirror+language@6.12.4_@codemirror+search@6.7.1_@codemirror+state@6.7.1_@codemirror+view@6.43.9",
    "npm:codemirror@^6.0.2": "6.0.2",
    "npm:markdown-exit@^1.3.0": "1.3.0",
    "npm:markdown-it-task-lists@^2.1.1": "2.1.1",
    "npm:remeda@^2.18.0": "2.33.7",
    "npm:y-codemirror.next@~0.3.6": "0.3.6_@codemirror+state@6.7.1_@codemirror+view@6.43.9_yjs@13.6.32",
    "npm:yjs@^13.6.32": "13.6.32"
  },
  "jsr": {
    "@cliffy/ansi@1.2.1": {
      "integrity": "b8702def9c0110b6eeb2b3b71e0b26cbe0a427facbb4f9c0189da0ba19feb549",
      "dependencies": [
        "jsr:@cliffy/internal",
        "jsr:@std/encoding",
        "jsr:@std/io@~0.225.3"
      ]
    },
    "@cliffy/command@1.2.1": {
      "integrity": "b7b017c81560d96580ea810c8564566884d8194416f6fc06bfdc8846e8fd590f",
      "dependencies": [
        "jsr:@cliffy/flags",
        "jsr:@cliffy/internal",
        "jsr:@cliffy/table",
        "jsr:@std/fmt@^1.0.10",
        "jsr:@std/text"
      ]
    },
    "@cliffy/flags@1.2.1": {
      "integrity": "10034920ef7595db586fecec5a3b10a4ec800c513cbbc368414cd748dac706fb",
      "dependencies": [
        "jsr:@cliffy/internal",
        "jsr:@std/text"
      ]
    },
    "@cliffy/internal@1.2.1": {
      "integrity": "e398f41c6839d3d4d249c963bfcb1058013091425926d53a3cb482b1ca70684b"
    },
    "@cliffy/keycode@1.2.1": {
      "integrity": "ce0a1e00986054da31bc767274acefdc923338a47e75ad1fc2046a11c87ace16"
    },
    "@cliffy/prompt@1.2.1": {
      "integrity": "e468fae0f52093ff2099f5be0bbc7632348ab82a3b7337b12ddd888aeb5d6eed",
      "dependencies": [
        "jsr:@cliffy/ansi",
        "jsr:@cliffy/internal",
        "jsr:@cliffy/keycode",
        "jsr:@std/assert",
        "jsr:@std/fmt@^1.0.10",
        "jsr:@std/io@~0.225.3",
        "jsr:@std/path@^1.1.5",
        "jsr:@std/text"
      ]
    },
    "@cliffy/table@1.2.1": {
      "integrity": "be333e62f2c754f8bf75a38c8177515b152040572c9f75298e9bcef1314b82ff",
      "dependencies": [
        "jsr:@std/fmt@^1.0.10"
      ]
    },
    "@david/console-static-text@0.3.4": {
      "integrity": "1c596f500b075ff3c8bab1d328ca7148a88067fd9a506b16a73eeaf230c229fd"
    },
    "@david/dax@0.48.3": {
      "integrity": "478cfa76677bfdef08f9eacc942a0bea35b3dc82239984a3a327fc09a1c4b5b7",
      "dependencies": [
        "jsr:@david/console-static-text",
        "jsr:@david/path@~0.3.2",
        "jsr:@david/shell",
        "jsr:@david/which",
        "jsr:@std/fmt@1"
      ]
    },
    "@david/path@0.3.2": {
      "integrity": "f25aaa3de4d3b9edfe25ca5edf15e3014fee7df4f77d64327e5300c27c1a0497"
    },
    "@david/shell@0.5.2": {
      "integrity": "e6a1b9d3712373f2811d5c66a502afdd07c99d0aedbd910b0c2ea1744fe1dd88",
      "dependencies": [
        "jsr:@david/console-static-text",
        "jsr:@david/path@0.3",
        "jsr:@david/which",
        "jsr:@std/fmt@1",
        "jsr:@std/io@0.225",
        "jsr:@std/path@1"
      ]
    },
    "@david/which@0.7.0": {
      "integrity": "2e7517b28ecd2c99afe70284f2660f2c11548e5b684fa751889f105e0e4f8fe5"
    },
    "@std/assert@1.0.19": {
      "integrity": "eaada96ee120cb980bc47e040f82814d786fe8162ecc53c91d8df60b8755991e"
    },
    "@std/bytes@1.0.6": {
      "integrity": "f6ac6adbd8ccd99314045f5703e23af0a68d7f7e58364b47d2c7f408aeb5820a"
    },
    "@std/cli@1.0.30": {
      "integrity": "769446536522d0417d7127ebcabcafac1ab0ce6766d0eb3fca1d36326fe98d13"
    },
    "@std/encoding@1.0.11": {
      "integrity": "e7cef2f0b3153bccc17431e7c864a1de03a4b6d9647389c43e08aaa775d37385"
    },
    "@std/fmt@1.0.10": {
      "integrity": "90dfba288802ac6de82fb31d0917eb9e4450b9925b954d5e51fc29ac07419db5"
    },
    "@std/fs@1.0.24": {
      "integrity": "f3061b45b81673a2bece689da041df32d174be064c89eb6397fb5718d3fb7877",
      "dependencies": [
        "jsr:@std/internal",
        "jsr:@std/path@^1.1.5"
      ]
    },
    "@std/internal@1.0.14": {
      "integrity": "291516b3d4c35024d6ffbc0a9df5bf4c64116e05b50012cf846710152d2ffdf7"
    },
    "@std/io@0.225.3": {
      "integrity": "27b07b591384d12d7b568f39e61dff966b8230559122df1e9fd11cc068f7ddd1",
      "dependencies": [
        "jsr:@std/bytes"
      ]
    },
    "@std/path@1.1.5": {
      "integrity": "ccea00982ea28c36becaf6e62f855406c76a8c32d462f66f415bbb7d83a271bc",
      "dependencies": [
        "jsr:@std/internal"
      ]
    },
    "@std/path@1.1.6": {
      "integrity": "c68485c2a4dfbb5ae3cc74fae4e8c4e5d874cf8a8ed12927917235c758b46cbe",
      "dependencies": [
        "jsr:@std/internal"
      ]
    },
    "@std/text@1.0.19": {
      "integrity": "003a0e032d360e8c3a4e0410fb792c77a66bd6553fee9d60c6ec1bce30d29223"
    }
  },
  "npm": {
    "@codemirror/autocomplete@6.20.3": {
      "integrity": "sha512-tlosUqb+3BbxCxZdu4tKeRghPFC+QM7q4X5YhKV2eCmPG+1r2F3f4AaSz5sCrFqUtX4Jh20VFTKecl16MgiV9g==",
      "dependencies": [
        "@codemirror/language",
        "@codemirror/state",
        "@codemirror/view",
        "@lezer/common"
      ]
    },
    "@codemirror/commands@6.11.0": {
      "integrity": "sha512-/K4Rl5BN0OtTiPWmJCdqODu38XnDMsDxKY5rgrPnCkutPTJf2wVbkoixLfealF5Kwse/s8P8M5jAiURiwSwnFA==",
      "dependencies": [
        "@codemirror/language",
        "@codemirror/state",
        "@codemirror/view",
        "@lezer/common"
      ]
    },
    "@codemirror/lang-angular@0.1.4": {
      "integrity": "sha512-oap+gsltb/fzdlTQWD6BFF4bSLKcDnlxDsLdePiJpCVNKWXSTAbiiQeYI3UmES+BLAdkmIC1WjyztC1pi/bX4g==",
      "dependencies": [
        "@codemirror/lang-html",
        "@codemirror/lang-javascript",
        "@codemirror/language",
        "@lezer/common",
        "@lezer/highlight",
        "@lezer/lr"
      ]
    },
    "@codemirror/lang-cpp@6.0.3": {
      "integrity": "sha512-URM26M3vunFFn9/sm6rzqrBzDgfWuDixp85uTY49wKudToc2jTHUrKIGGKs+QWND+YLofNNZpxcNGRynFJfvgA==",
      "dependencies": [
        "@codemirror/language",
        "@lezer/cpp"
      ]
    },
    "@codemirror/lang-css@6.3.1": {
      "integrity": "sha512-kr5fwBGiGtmz6l0LSJIbno9QrifNMUusivHbnA1H6Dmqy4HZFte3UAICix1VuKo0lMPKQr2rqB+0BkKi/S3Ejg==",
      "dependencies": [
        "@codemirror/autocomplete",
        "@codemirror/language",
        "@codemirror/state",
        "@lezer/common",
        "@lezer/css"
      ]
    },
    "@codemirror/lang-go@6.0.1": {
      "integrity": "sha512-7fNvbyNylvqCphW9HD6WFnRpcDjr+KXX/FgqXy5H5ZS0eC5edDljukm/yNgYkwTsgp2busdod50AOTIy6Jikfg==",
      "dependencies": [
        "@codemirror/autocomplete",
        "@codemirror/language",
        "@codemirror/state",
        "@lezer/common",
        "@lezer/go"
      ]
    },
    "@codemirror/lang-html@6.4.12": {
      "integrity": "sha512-pw2ReWKUqSkbvh76RAT4NYxiogRu+PWkR2ukAwO9uOgrm8uipkzjtKKtNpyeAQwHOqxEeSvAXZ6vr3AfyB9y/w==",
      "dependencies": [
        "@codemirror/autocomplete",
        "@codemirror/lang-css",
        "@codemirror/lang-javascript",
        "@codemirror/language",
        "@codemirror/state",
        "@codemirror/view",
        "@lezer/common",
        "@lezer/css",
        "@lezer/html"
      ]
    },
    "@codemirror/lang-java@6.0.2": {
      "integrity": "sha512-m5Nt1mQ/cznJY7tMfQTJchmrjdjQ71IDs+55d1GAa8DGaB8JXWsVCkVT284C3RTASaY43YknrK2X3hPO/J3MOQ==",
      "dependencies": [
        "@codemirror/language",
        "@lezer/java"
      ]
    },
    "@codemirror/lang-javascript@6.2.5": {
      "integrity": "sha512-zD4e5mS+50htS7F+TYjBPsiIFGanfVqg4HyUz6WNFikgOPf2BgKlx+TQedI1w6n/IqRBVBbBWmGFdLB/7uxO4A==",
      "dependencies": [
        "@codemirror/autocomplete",
        "@codemirror/language",
        "@codemirror/lint",
        "@codemirror/state",
        "@codemirror/view",
        "@lezer/common",
        "@lezer/javascript"
      ]
    },
    "@codemirror/lang-jinja@6.0.1": {
      "integrity": "sha512-P5kyHLObzjtbGj16h+hyvZTxJhSjBEeSx4wMjbnAf3b0uwTy2+F0zGjMZL4PQOm/mh2eGZ5xUDVZXgwP783Nsw==",
      "dependencies": [
        "@codemirror/autocomplete",
        "@codemirror/lang-html",
        "@codemirror/language",
        "@codemirror/state",
        "@codemirror/view",
        "@lezer/common",
        "@lezer/highlight",
        "@lezer/lr"
      ]
    },
    "@codemirror/lang-json@6.0.2": {
      "integrity": "sha512-x2OtO+AvwEHrEwR0FyyPtfDUiloG3rnVTSZV1W8UteaLL8/MajQd8DpvUb2YVzC+/T18aSDv0H9mu+xw0EStoQ==",
      "dependencies": [
        "@codemirror/language",
        "@lezer/json"
      ]
    },
    "@codemirror/lang-less@6.0.2": {
      "integrity": "sha512-EYdQTG22V+KUUk8Qq582g7FMnCZeEHsyuOJisHRft/mQ+ZSZ2w51NupvDUHiqtsOy7It5cHLPGfHQLpMh9bqpQ==",
      "dependencies": [
        "@codemirror/lang-css",
        "@codemirror/language",
        "@lezer/common",
        "@lezer/highlight",
        "@lezer/lr"
      ]
    },
    "@codemirror/lang-liquid@6.3.2": {
      "integrity": "sha512-6PDVU3ZnfeYyz1at1E/ttorErZvZFXXt1OPhtfe1EZJ2V2iDFa0CwPqPgG5F7NXN0yONGoBogKmFAafKTqlwIw==",
      "dependencies": [
        "@codemirror/autocomplete",
        "@codemirror/lang-html",
        "@codemirror/language",
        "@codemirror/state",
        "@codemirror/view",
        "@lezer/common",
        "@lezer/highlight",
        "@lezer/lr"
      ]
    },
    "@codemirror/lang-markdown@6.5.2": {
      "integrity": "sha512-AwBOdkWYuA//WcM0xO5PfHPUcmz/O2i5o0Nsg1U69SII/loCJlFI1Romd9xp2HYb1kYJRGZotyqRghuHH5n8Kw==",
      "dependencies": [
        "@codemirror/autocomplete",
        "@codemirror/lang-html",
        "@codemirror/language",
        "@codemirror/state",
        "@codemirror/view",
        "@lezer/common",
        "@lezer/markdown"
      ]
    },
    "@codemirror/lang-php@6.0.2": {
      "integrity": "sha512-ZKy2v1n8Fc8oEXj0Th0PUMXzQJ0AIR6TaZU+PbDHExFwdu+guzOA4jmCHS1Nz4vbFezwD7LyBdDnddSJeScMCA==",
      "dependencies": [
        "@codemirror/lang-html",
        "@codemirror/language",
        "@codemirror/state",
        "@lezer/common",
        "@lezer/php"
      ]
    },
    "@codemirror/lang-python@6.2.1": {
      "integrity": "sha512-IRjC8RUBhn9mGR9ywecNhB51yePWCGgvHfY1lWN/Mrp3cKuHr0isDKia+9HnvhiWNnMpbGhWrkhuWOc09exRyw==",
      "dependencies": [
        "@codemirror/autocomplete",
        "@codemirror/language",
        "@codemirror/state",
        "@lezer/common",
        "@lezer/python"
      ]
    },
    "@codemirror/lang-rust@6.0.2": {
      "integrity": "sha512-EZaGjCUegtiU7kSMvOfEZpaCReowEf3yNidYu7+vfuGTm9ow4mthAparY5hisJqOHmJowVH3Upu+eJlUji6qqA==",
      "dependencies": [
        "@codemirror/language",
        "@lezer/rust"
      ]
    },
    "@codemirror/lang-sass@6.0.2": {
      "integrity": "sha512-l/bdzIABvnTo1nzdY6U+kPAC51czYQcOErfzQ9zSm9D8GmNPD0WTW8st/CJwBTPLO8jlrbyvlSEcN20dc4iL0Q==",
      "dependencies": [
        "@codemirror/lang-css",
        "@codemirror/language",
        "@codemirror/state",
        "@lezer/common",
        "@lezer/sass"
      ]
    },
    "@codemirror/lang-sql@6.10.0": {
      "integrity": "sha512-6ayPkEd/yRw0XKBx5uAiToSgGECo/GY2NoJIHXIIQh1EVwLuKoU8BP/qK0qH5NLXAbtJRLuT73hx7P9X34iO4w==",
      "dependencies": [
        "@codemirror/autocomplete",
        "@codemirror/language",
        "@codemirror/state",
        "@lezer/common",
        "@lezer/highlight",
        "@lezer/lr"
      ]
    },
    "@codemirror/lang-vue@0.1.3": {
      "integrity": "sha512-QSKdtYTDRhEHCfo5zOShzxCmqKJvgGrZwDQSdbvCRJ5pRLWBS7pD/8e/tH44aVQT6FKm0t6RVNoSUWHOI5vNug==",
      "dependencies": [
        "@codemirror/lang-html",
        "@codemirror/lang-javascript",
        "@codemirror/language",
        "@lezer/common",
        "@lezer/highlight",
        "@lezer/lr"
      ]
    },
    "@codemirror/lang-wast@6.0.2": {
      "integrity": "sha512-Imi2KTpVGm7TKuUkqyJ5NRmeFWF7aMpNiwHnLQe0x9kmrxElndyH0K6H/gXtWwY6UshMRAhpENsgfpSwsgmC6Q==",
      "dependencies": [
        "@codemirror/language",
        "@lezer/common",
        "@lezer/highlight",
        "@lezer/lr"
      ]
    },
    "@codemirror/lang-xml@6.1.0": {
      "integrity": "sha512-3z0blhicHLfwi2UgkZYRPioSgVTo9PV5GP5ducFH6FaHy0IAJRg+ixj5gTR1gnT/glAIC8xv4w2VL1LoZfs+Jg==",
      "dependencies": [
        "@codemirror/autocomplete",
        "@codemirror/language",
        "@codemirror/state",
        "@codemirror/view",
        "@lezer/common",
        "@lezer/xml"
      ]
    },
    "@codemirror/lang-yaml@6.1.3": {
      "integrity": "sha512-AZ8DJBuXGVHybpBQhmZtgew5//4hv3tdkXnr3vDmOUMJRuB6vn/uuwtmTOTlqEaQFg3hQSVeA90NmvIQyUV6FQ==",
      "dependencies": [
        "@codemirror/autocomplete",
        "@codemirror/language",
        "@codemirror/state",
        "@lezer/common",
        "@lezer/highlight",
        "@lezer/lr",
        "@lezer/yaml"
      ]
    },
    "@codemirror/language-data@6.5.2": {
      "integrity": "sha512-CPkWBKrNS8stYbEU5kwBwTf3JB1kghlbh4FSAwzGW2TEscdeHHH4FGysREW86Mqnj3Qn09s0/6Ea/TutmoTobg==",
      "dependencies": [
        "@codemirror/lang-angular",
        "@codemirror/lang-cpp",
        "@codemirror/lang-css",
        "@codemirror/lang-go",
        "@codemirror/lang-html",
        "@codemirror/lang-java",
        "@codemirror/lang-javascript",
        "@codemirror/lang-jinja",
        "@codemirror/lang-json",
        "@codemirror/lang-less",
        "@codemirror/lang-liquid",
        "@codemirror/lang-markdown",
        "@codemirror/lang-php",
        "@codemirror/lang-python",
        "@codemirror/lang-rust",
        "@codemirror/lang-sass",
        "@codemirror/lang-sql",
        "@codemirror/lang-vue",
        "@codemirror/lang-wast",
        "@codemirror/lang-xml",
        "@codemirror/lang-yaml",
        "@codemirror/language",
        "@codemirror/legacy-modes"
      ]
    },
    "@codemirror/language@6.12.4": {
      "integrity": "sha512-1q4PaT+o6PbgpkJt4Q8Fv5XJxTy4FUZ4MWETtyiDw3J0Pyr9E2vqcKL+k9wcvjNTIsauxvE7OfmWj3FRPHQ76A==",
      "dependencies": [
        "@codemirror/state",
        "@codemirror/view",
        "@lezer/common",
        "@lezer/highlight",
        "@lezer/lr",
        "style-mod"
      ]
    },
    "@codemirror/legacy-modes@6.5.3": {
      "integrity": "sha512-xCsmIzH78MyWkib9jlPaaun57XNkfbMIhagfaZVd0iLTqlpw3jXaIcbZm72MTmmn64eTZpBVNjbyYh+QXnxRsg==",
      "dependencies": [
        "@codemirror/language"
      ]
    },
    "@codemirror/lint@6.9.7": {
      "integrity": "sha512-28/+iWLYxKxsvGYhSYL7zaCZqLz5+FFFDq9tVsvGv9kv8RY4fFAchJ5WX9M3YrrRlTIsECjsXPqeNgnSmNP2dg==",
      "dependencies": [
        "@codemirror/state",
        "@codemirror/view",
        "crelt"
      ]
    },
    "@codemirror/search@6.7.1": {
      "integrity": "sha512-uMe5UO6PamJtSHrXhhHOzSX3ReWtiJrva6GnPMwSOrZtiExb5X5eExhr2OUZQVvdxPsKpY3Ro2mFbQadpPWmHA==",
      "dependencies": [
        "@codemirror/state",
        "@codemirror/view",
        "crelt"
      ]
    },
    "@codemirror/state@6.7.1": {
      "integrity": "sha512-9QzNDgE4EYDnAHfrTlR2lwiPciiOymLtwKK+8yHQzCc7GXhAP9xdEbEJFy2IWB1j9UGUl9BsgMmTo/ImA02T7A==",
      "dependencies": [
        "@marijn/find-cluster-break"
      ]
    },
    "@codemirror/theme-one-dark@6.1.3": {
      "integrity": "sha512-NzBdIvEJmx6fjeremiGp3t/okrLPYT0d9orIc7AFun8oZcRk58aejkqhv6spnz4MLAevrKNPMQYXEWMg4s+sKA==",
      "dependencies": [
        "@codemirror/language",
        "@codemirror/state",
        "@codemirror/view",
        "@lezer/highlight"
      ]
    },
    "@codemirror/view@6.43.9": {
      "integrity": "sha512-sTuUzTpPMFebRhg6dawChoKKgndIwfjmJgKVxBefPElcU2NwQ6AFroupk0SFqEerQyZOGRfDNnSN8Dw/lMAsXw==",
      "dependencies": [
        "@codemirror/state",
        "crelt",
        "style-mod",
        "w3c-keyname"
      ]
    },
    "@lezer/common@1.5.2": {
      "integrity": "sha512-sxQE460fPZyU3sdc8lafxiPwJHBzZRy/udNFynGQky1SePYBdhkBl1kOagA9uT3pxR8K09bOrmTUqA9wb/PjSQ=="
    },
    "@lezer/cpp@1.1.6": {
      "integrity": "sha512-vh9gWWJOXFVY8HBHK3Twzq8MgwG2iN4GSyzBP9sCGTe37P15x2R14VaBQk0VA0ezTRN1KHYBBsHhvpGZ2Xy/pA==",
      "dependencies": [
        "@lezer/common",
        "@lezer/highlight",
        "@lezer/lr"
      ]
    },
    "@lezer/css@1.3.6": {
      "integrity": "sha512-YJE78Wcg+zX8f10hiHWQ4Az48Qr/c13eId0VtRQYLBpxHDmDeSrXIlkbl+fJGW42rWC/uoUco9mhBZeVWP/A1g==",
      "dependencies": [
        "@lezer/common",
        "@lezer/highlight",
        "@lezer/lr"
      ]
    },
    "@lezer/go@1.0.1": {
      "integrity": "sha512-xToRsYxwsgJNHTgNdStpcvmbVuKxTapV0dM0wey1geMMRc9aggoVyKgzYp41D2/vVOx+Ii4hmE206kvxIXBVXQ==",
      "dependencies": [
        "@lezer/common",
        "@lezer/highlight",
        "@lezer/lr"
      ]
    },
    "@lezer/highlight@1.2.3": {
      "integrity": "sha512-qXdH7UqTvGfdVBINrgKhDsVTJTxactNNxLk7+UMwZhU13lMHaOBlJe9Vqp907ya56Y3+ed2tlqzys7jDkTmW0g==",
      "dependencies": [
        "@lezer/common"
      ]
    },
    "@lezer/html@1.3.13": {
      "integrity": "sha512-oI7n6NJml729m7pjm9lvLvmXbdoMoi2f+1pwSDJkl9d68zGr7a9Btz8NdHTGQZtW2DA25ybeuv/SyDb9D5tseg==",
      "dependencies": [
        "@lezer/common",
        "@lezer/highlight",
        "@lezer/lr"
      ]
    },
    "@lezer/java@1.1.3": {
      "integrity": "sha512-yHquUfujwg6Yu4Fd1GNHCvidIvJwi/1Xu2DaKl/pfWIA2c1oXkVvawH3NyXhCaFx4OdlYBVX5wvz2f7Aoa/4Xw==",
      "dependencies": [
        "@lezer/common",
        "@lezer/highlight",
        "@lezer/lr"
      ]
    },
    "@lezer/javascript@1.5.4": {
      "integrity": "sha512-vvYx3MhWqeZtGPwDStM2dwgljd5smolYD2lR2UyFcHfxbBQebqx8yjmFmxtJ/E6nN6u1D9srOiVWm3Rb4tmcUA==",
      "dependencies": [
        "@lezer/common",
        "@lezer/highlight",
        "@lezer/lr"
      ]
    },
    "@lezer/json@1.0.3": {
      "integrity": "sha512-BP9KzdF9Y35PDpv04r0VeSTKDeox5vVr3efE7eBbx3r4s3oNLfunchejZhjArmeieBH+nVOpgIiBJpEAv8ilqQ==",
      "dependencies": [
        "@lezer/common",
        "@lezer/highlight",
        "@lezer/lr"
      ]
    },
    "@lezer/lr@1.4.10": {
      "integrity": "sha512-rnCpTIBafOx4mRp43xOxDJbFipJm/c0cia/V5TiGlhmMa+wsSdoGmUN3w5Bqrks/09Q/D4tNAmWaT8p6NRi77A==",
      "dependencies": [
        "@lezer/common"
      ]
    },
    "@lezer/markdown@1.7.2": {
      "integrity": "sha512-iTkYvoVcKt3WkeL7qUDyXHONZEwLio4wj8KTNi2dnjQEXBZKMV63BpQrPqfsM+OkvuRbiSTAcycYAsQzLhRNoQ==",
      "dependencies": [
        "@lezer/common",
        "@lezer/highlight"
      ]
    },
    "@lezer/php@1.0.5": {
      "integrity": "sha512-W7asp9DhM6q0W6DYNwIkLSKOvxlXRrif+UXBMxzsJUuqmhE7oVU+gS3THO4S/Puh7Xzgm858UNaFi6dxTP8dJA==",
      "dependencies": [
        "@lezer/common",
        "@lezer/highlight",
        "@lezer/lr"
      ]
    },
    "@lezer/python@1.1.19": {
      "integrity": "sha512-MhQIURHRytsNzP/YXnqpYKW6la6voAH3kyplTOOiCdjyFY6cWWGFVmYVdHIPrElqSDf4iCDktQCockB9FxuhzQ==",
      "dependencies": [
        "@lezer/common",
        "@lezer/highlight",
        "@lezer/lr"
      ]
    },
    "@lezer/rust@1.0.2": {
      "integrity": "sha512-Lz5sIPBdF2FUXcWeCu1//ojFAZqzTQNRga0aYv6dYXqJqPfMdCAI0NzajWUd4Xijj1IKJLtjoXRPMvTKWBcqKg==",
      "dependencies": [
        "@lezer/common",
        "@lezer/highlight",
        "@lezer/lr"
      ]
    },
    "@lezer/sass@1.1.0": {
      "integrity": "sha512-3mMGdCTUZ/84ArHOuXWQr37pnf7f+Nw9ycPUeKX+wu19b7pSMcZGLbaXwvD2APMBDOGxPmpK/O6S1v1EvLoqgQ==",
      "dependencies": [
        "@lezer/common",
        "@lezer/highlight",
        "@lezer/lr"
      ]
    },
    "@lezer/xml@1.0.6": {
      "integrity": "sha512-CdDwirL0OEaStFue/66ZmFSeppuL6Dwjlk8qk153mSQwiSH/Dlri4GNymrNWnUmPl2Um7QfV1FO9KFUyX3Twww==",
      "dependencies": [
        "@lezer/common",
        "@lezer/highlight",
        "@lezer/lr"
      ]
    },
    "@lezer/yaml@1.0.4": {
      "integrity": "sha512-2lrrHqxalACEbxIbsjhqGpSW8kWpUKuY6RHgnSAFZa6qK62wvnPxA8hGOwOoDbwHcOFs5M4o27mjGu+P7TvBmw==",
      "dependencies": [
        "@lezer/common",
        "@lezer/highlight",
        "@lezer/lr"
      ]
    },
    "@marijn/find-cluster-break@1.0.4": {
      "integrity": "sha512-Wy0V7+SGUjnF9/TkiM1hKVDPj7jKXduPNboMVtHTA8dySMURWqfg/JZ9E2Sq8JgSJmkl7k7Qe9FLeMSrSraWmQ=="
    },
    "@replit/codemirror-vim-core@0.1.0": {
      "integrity": "sha512-1i6EBKpcNfDKvTmTh6N6g9lL6udD5t+uFNh4JCqozRnVlvUGOps7h/QzS2ne4zcvPUjvApKpmcP7Grc3fNbZiQ=="
    },
    "@replit/codemirror-vim@6.4.0_@codemirror+commands@6.11.0_@codemirror+language@6.12.4_@codemirror+search@6.7.1_@codemirror+state@6.7.1_@codemirror+view@6.43.9": {
      "integrity": "sha512-t9UMDNhkmeAkl0uRbiJVotv97bGD6mf4GyJJoEbrjUqa/Pov0s9eL+4AaI0Xto3OGri17i9qwIpT0JbVlVXt8A==",
      "dependencies": [
        "@codemirror/commands",
        "@codemirror/language",
        "@codemirror/search",
        "@codemirror/state",
        "@codemirror/view",
        "@replit/codemirror-vim-core"
      ]
    },
    "@types/linkify-it@5.0.0": {
      "integrity": "sha512-sVDA58zAw4eWAffKOaQH5/5j3XeayukzDk+ewSsnv3p4yJEZHCCzMDiZM8e0OUrRvmpGZ85jf4yDHkHsgBNr9Q=="
    },
    "@types/mdurl@2.0.0": {
      "integrity": "sha512-RGdgjQUZba5p6QEFAVx2OGb8rQDL/cPRG7GiedRzMcJ1tYnUANBncjbSB1NRGwbvjcPeikRABz2nshyPk1bhWg=="
    },
    "codemirror-helix@0.5.7_@codemirror+commands@6.11.0_@codemirror+language@6.12.4_@codemirror+search@6.7.1_@codemirror+state@6.7.1_@codemirror+view@6.43.9": {
      "integrity": "sha512-pyXuycW2RviAjvLWbkUgFWQlFA/ubKzJPnMXRv+ibziBuxUK0qjn+yV4OoV4+w7bMxZ/6zZnigOm/ytyrHq87Q==",
      "dependencies": [
        "@codemirror/commands",
        "@codemirror/language",
        "@codemirror/search",
        "@codemirror/state",
        "@codemirror/view"
      ]
    },
    "codemirror@6.0.2": {
      "integrity": "sha512-VhydHotNW5w1UGK0Qj96BwSk/Zqbp9WbnyK2W/eVMv4QyF41INRGpjUhFJY7/uDNuudSc33a/PKr4iDqRduvHw==",
      "dependencies": [
        "@codemirror/autocomplete",
        "@codemirror/commands",
        "@codemirror/language",
        "@codemirror/lint",
        "@codemirror/search",
        "@codemirror/state",
        "@codemirror/view"
      ]
    },
    "crelt@1.0.7": {
      "integrity": "sha512-aK6BbWfhf4U/wCcLHKPJl/xa6VkVstRaPywWtMKGwuOLc/wZTyQYuoxgvZnNsBvv7Kg3YTBQYYBCggcviQczuA=="
    },
    "entities@7.0.1": {
      "integrity": "sha512-TWrgLOFUQTH994YUyl1yT4uyavY5nNB5muff+RtWaqNVCAK408b5ZnnbNAUEWLTCpum9w6arT70i1XdQ4UeOPA=="
    },
    "isomorphic.js@0.2.5": {
      "integrity": "sha512-PIeMbHqMt4DnUP3MA/Flc0HElYjMXArsw1qwJZcm9sqR8mq3l8NYizFMty0pWwE/tzIGH3EKK5+jes5mAr85yw=="
    },
    "lib0@0.2.117": {
      "integrity": "sha512-DeXj9X5xDCjgKLU/7RR+/HQEVzuuEUiwldwOGsHK/sfAfELGWEyTcf0x+uOvCvK3O2zPmZePXWL85vtia6GyZw==",
      "dependencies": [
        "isomorphic.js"
      ],
      "bin": true
    },
    "linkify-it@5.0.2": {
      "integrity": "sha512-ONTm2jCMAVZjgQa/Fy1kScXsuOoF5NPTsoFBdE1KVIZ2vAh/r9+Bqo+0jINCBYnavTPQZz38QzFTme79ENoN3Q==",
      "dependencies": [
        "uc.micro"
      ]
    },
    "markdown-exit@1.3.0": {
      "integrity": "sha512-bsqlcm3Hk1ukcG1Al83pp3JjVobu4w1mpZz47OzLw8bCY8XchkCX+PXC32l2TH4nZ7p5WFg2NwpnLDXkY1X7Yw==",
      "dependencies": [
        "@types/linkify-it",
        "@types/mdurl",
        "entities",
        "linkify-it",
        "mdurl",
        "punycode.js",
        "uc.micro"
      ]
    },
    "markdown-it-task-lists@2.1.1": {
      "integrity": "sha512-TxFAc76Jnhb2OUu+n3yz9RMu4CwGfaT788br6HhEDlvWfdeJcLUsxk1Hgw2yJio0OXsxv7pyIPmvECY7bMbluA=="
    },
    "mdurl@2.1.0": {
      "integrity": "sha512-1+HBaOx0zi/dQWht8rNv9MYf9qqpqL/kxI0hXImU6Y547zM6Sni8BQibt7ifgMcYtQg41ao3Ivd6cnSM86inpg=="
    },
    "punycode.js@2.3.1": {
      "integrity": "sha512-uxFIHU0YlHYhDQtV4R9J6a52SLx28BCjT+4ieh7IGbgwVJWO+km431c4yRlREUAsAmt/uMjQUyQHNEPf0M39CA=="
    },
    "remeda@2.33.7": {
      "integrity": "sha512-cXlyjevWx5AcslOUEETG4o8XYi9UkoCXcJmj7XhPFVbla+ITuOBxv6ijBrmbeg+ZhzmDThkNdO+iXKUfrJep1w=="
    },
    "style-mod@4.1.3": {
      "integrity": "sha512-i/n8VsZydrugj3Iuzll8+x/00GH2vnYsk1eomD8QiRrSAeW6ItbCQDtfXCeJHd0iwiNagqjQkvpvREEPtW3IoQ=="
    },
    "uc.micro@2.1.0": {
      "integrity": "sha512-ARDJmphmdvUk6Glw7y9DQ2bFkKBHwQHLi2lsaH6PPmz/Ka9sFOBsBluozhDltWmnv9u/cF6Rt87znRTPV+yp/A=="
    },
    "w3c-keyname@2.2.8": {
      "integrity": "sha512-dpojBhNsCNN7T82Tm7k26A6G9ML3NkhDsnw9n/eoxSRlVBB4CEtIQ/KTCLI2Fwf3ataSXRhYFkQi3SlnFwPvPQ=="
    },
    "y-codemirror.next@0.3.6_@codemirror+state@6.7.1_@codemirror+view@6.43.9_yjs@13.6.32": {
      "integrity": "sha512-GnmVXhTe+UtoFbbaSdwhq6gdAQZdIY9az0Xj6HR2J4PO6Yw4w3xaaSssU+6T72WhXAI0wf9FbuY2s0Ms+WrexA==",
      "dependencies": [
        "@codemirror/state",
        "@codemirror/view",
        "lib0",
        "yjs"
      ]
    },
    "yjs@13.6.32": {
      "integrity": "sha512-lfiJIIC4Xayt5ItynE407ehlE03pCjeOc4hkR4yxxvvNJ4kuiN25B0g+Qp8XagYz361LLL7DCzR5bvFJ81QKtQ==",
      "dependencies": [
        "lib0"
      ]
    }
  },
  "workspace": {
    "dependencies": [
      "jsr:@cliffy/command@1.2.1",
      "jsr:@cliffy/prompt@1.2.1",
      "jsr:@cliffy/table@1.2.1",
      "jsr:@david/dax@~0.48.3",
      "jsr:@std/cli@1",
      "jsr:@std/fmt@1",
      "jsr:@std/fs@^1.0.24",
      "jsr:@std/io@~0.225.2",
      "jsr:@std/path@^1.0.8",
      "npm:@codemirror/lang-markdown@^6.5.2",
      "npm:@codemirror/language-data@^6.5.2",
      "npm:@codemirror/language@^6.12.4",
      "npm:@codemirror/state@^6.7.1",
      "npm:@codemirror/theme-one-dark@^6.1.3",
      "npm:@codemirror/view@^6.43.9",
      "npm:@lezer/highlight@^1.2.3",
      "npm:@replit/codemirror-vim@^6.4.0",
      "npm:codemirror-helix@~0.5.7",
      "npm:codemirror@^6.0.2",
      "npm:markdown-exit@^1.3.0",
      "npm:markdown-it-task-lists@^2.1.1",
      "npm:remeda@^2.18.0",
      "npm:y-codemirror.next@~0.3.6",
      "npm:yjs@^13.6.32"
    ]
  }
}
